
Microsoft Visual Studio Solution File, Format Version 12.00
# Visual Studio Version 17
VisualStudioVersion = 17.13.35818.85 d17.13
MinimumVisualStudioVersion = 10.0.40219.1
Project("{FAE04EC0-301F-11D3-BF4B-00C04F79EFBC}") = "SimpleTurnSystem.Library", "SimpleTurnSystem.Library\SimpleTurnSystem.Library.csproj", "{3E031196-4E9C-48C8-ABF3-FC512FE60B82}"
EndProject
Project("{FAE04EC0-301F-11D3-BF4B-00C04F79EFBC}") = "SimpleTurnSystem.Playground", "SimpleTurnSystem.Playground\SimpleTurnSystem.Playground.csproj", "{357311AE-1205-495E-8024-43BC86C49EF9}"
	ProjectSection(ProjectDependencies) = postProject
		{3E031196-4E9C-48C8-ABF3-FC512FE60B82} = {3E031196-4E9C-48C8-ABF3-FC512FE60B82}
	EndProjectSection
EndProject
Global
	GlobalSection(SolutionConfigurationPlatforms) = preSolution
		Debug|Any CPU = Debug|Any CPU
		Release|Any CPU = Release|Any CPU
	EndGlobalSection
	GlobalSection(ProjectConfigurationPlatforms) = postSolution
		{3E031196-4E9C-48C8-ABF3-FC512FE60B82}.Debug|Any CPU.ActiveCfg = Debug|Any CPU
		{3E031196-4E9C-48C8-ABF3-FC512FE60B82}.Debug|Any CPU.Build.0 = Debug|Any CPU
		{3E031196-4E9C-48C8-ABF3-FC512FE60B82}.Release|Any CPU.ActiveCfg = Release|Any CPU
		{3E031196-4E9C-48C8-ABF3-FC512FE60B82}.Release|Any CPU.Build.0 = Release|Any CPU
		{357311AE-1205-495E-8024-43BC86C49EF9}.Debug|Any CPU.ActiveCfg = Debug|Any CPU
		{357311AE-1205-495E-8024-43BC86C49EF9}.Debug|Any CPU.Build.0 = Debug|Any CPU
		{357311AE-1205-495E-8024-43BC86C49EF9}.Release|Any CPU.ActiveCfg = Release|Any CPU
		{357311AE-1205-495E-8024-43BC86C49EF9}.Release|Any CPU.Build.0 = Release|Any CPU
	EndGlobalSection
	GlobalSection(SolutionProperties) = preSolution
		HideSolutionNode = FALSE
	EndGlobalSection
	GlobalSection(ExtensibilityGlobals) = postSolution
		SolutionGuid = {A28D0214-2ABC-4A6B-A28E-E1690831BA21}
	EndGlobalSection
EndGlobal
